// !$*UTF8*$!
{
	archiveVersion = 1;
	classes = {
	};
	objectVersion = 46;
	objects = {

/* Begin PBXBuildFile section */
		529CB1FB1AA2CFC10069C551 /* AppDelegate.swift in Sources */ = {isa = PBXBuildFile; fileRef = 529CB1FA1AA2CFC10069C551 /* AppDelegate.swift */; };
		529CB1FD1AA2CFC10069C551 /* ViewController.swift in Sources */ = {isa = PBXBuildFile; fileRef = 529CB1FC1AA2CFC10069C551 /* ViewController.swift */; };
		529CB2001AA2CFC10069C551 /* Main.storyboard in Resources */ = {isa = PBXBuildFile; fileRef = 529CB1FE1AA2CFC10069C551 /* Main.storyboard */; };
		529CB2021AA2CFC10069C551 /* Images.xcassets in Resources */ = {isa = PBXBuildFile; fileRef = 529CB2011AA2CFC10069C551 /* Images.xcassets */; };
		529CB2051AA2CFC10069C551 /* LaunchScreen.xib in Resources */ = {isa = PBXBuildFile; fileRef = 529CB2031AA2CFC10069C551 /* LaunchScreen.xib */; };
		529CB2111AA2CFC10069C551 /* NotificationControllerTests.swift in Sources */ = {isa = PBXBuildFile; fileRef = 529CB2101AA2CFC10069C551 /* NotificationControllerTests.swift */; };
/* End PBXBuildFile section */

/* Begin PBXContainerItemProxy section */
		529CB20B1AA2CFC10069C551 /* PBXContainerItemProxy */ = {
			isa = PBXContainerItemProxy;
			containerPortal = 529CB1ED1AA2CFC10069C551 /* Project object */;
			proxyType = 1;
			remoteGlobalIDString = 529CB1F41AA2CFC10069C551;
			remoteInfo = NotificationController;
		};
/* End PBXContainerItemProxy section */

/* Begin PBXFileReference section */
		529CB1F51AA2CFC10069C551 /* NotificationController.app */ = {isa = PBXFileReference; explicitFileType = wrapper.application; includeInIndex = 0; path = NotificationController.app; sourceTree = BUILT_PRODUCTS_DIR; };
		529CB1F91AA2CFC10069C551 /* Info.plist */ = {isa = PBXFileReference; lastKnownFileType = text.plist.xml; path = Info.plist; sourceTree = "<group>"; };
		529CB1FA1AA2CFC10069C551 /* AppDelegate.swift */ = {isa = PBXFileReference; lastKnownFileType = sourcecode.swift; path = AppDelegate.swift; sourceTree = "<group>"; };
		529CB1FC1AA2CFC10069C551 /* ViewController.swift */ = {isa = PBXFileReference; lastKnownFileType = sourcecode.swift; path = ViewController.swift; sourceTree = "<group>"; };
		529CB1FF1AA2CFC10069C551 /* Base */ = {isa = PBXFileReference; lastKnownFileType = file.storyboard; name = Base; path = Base.lproj/Main.storyboard; sourceTree = "<group>"; };
		529CB2011AA2CFC10069C551 /* Images.xcassets */ = {isa = PBXFileReference; lastKnownFileType = folder.assetcatalog; path = Images.xcassets; sourceTree = "<group>"; };
		529CB2041AA2CFC10069C551 /* Base */ = {isa = PBXFileReference; lastKnownFileType = file.xib; name = Base; path = Base.lproj/LaunchScreen.xib; sourceTree = "<group>"; };
		529CB20A1AA2CFC10069C551 /* NotificationControllerTests.xctest */ = {isa = PBXFileReference; explicitFileType = wrapper.cfbundle; includeInIndex = 0; path = NotificationControllerTests.xctest; sourceTree = BUILT_PRODUCTS_DIR; };
		529CB20F1AA2CFC10069C551 /* Info.plist */ = {isa = PBXFileReference; lastKnownFileType = text.plist.xml; path = Info.plist; sourceTree = "<group>"; };
		529CB2101AA2CFC10069C551 /* NotificationControllerTests.swift */ = {isa = PBXFileReference; lastKnownFileType = sourcecode.swift; path = NotificationControllerTests.swift; sourceTree = "<group>"; };
/* End PBXFileReference section */

/* Begin PBXFrameworksBuildPhase section */
		529CB1F21AA2CFC10069C551 /* Frameworks */ = {
			isa = PBXFrameworksBuildPhase;
			buildActionMask = 2147483647;
			files = (
			);
			runOnlyForDeploymentPostprocessing = 0;
		};
		529CB2071AA2CFC10069C551 /* Frameworks */ = {
			isa = PBXFrameworksBuildPhase;
			buildActionMask = 2147483647;
			files = (
			);
			runOnlyForDeploymentPostprocessing = 0;
		};
/* End PBXFrameworksBuildPhase section */

/* Begin PBXGroup section */
		529CB1EC1AA2CFC10069C551 = {
			isa = PBXGroup;
			children = (
				529CB1F71AA2CFC10069C551 /* NotificationController */,
				529CB20D1AA2CFC10069C551 /* NotificationControllerTests */,
				529CB1F61AA2CFC10069C551 /* Products */,
			);
			sourceTree = "<group>";
		};
		529CB1F61AA2CFC10069C551 /* Products */ = {
			isa = PBXGroup;
			children = (
				529CB1F51AA2CFC10069C551 /* NotificationController.app */,
				529CB20A1AA2CFC10069C551 /* NotificationControllerTests.xctest */,
			);
			name = Products;
			sourceTree = "<group>";
		};
		529CB1F71AA2CFC10069C551 /* NotificationController */ = {
			isa = PBXGroup;
			children = (
				529CB1FA1AA2CFC10069C551 /* AppDelegate.swift */,
				529CB1FC1AA2CFC10069C551 /* ViewController.swift */,
				529CB1FE1AA2CFC10069C551 /* Main.storyboard */,
				529CB2011AA2CFC10069C551 /* Images.xcassets */,
				529CB2031AA2CFC10069C551 /* LaunchScreen.xib */,
				529CB1F81AA2CFC10069C551 /* Supporting Files */,
			);
			path = NotificationController;
			sourceTree = "<group>";
		};
		529CB1F81AA2CFC10069C551 /* Supporting Files */ = {
			isa = PBXGroup;
			children = (
				529CB1F91AA2CFC10069C551 /* Info.plist */,
			);
			name = "Supporting Files";
			sourceTree = "<group>";
		};
		529CB20D1AA2CFC10069C551 /* NotificationControllerTests */ = {
			isa = PBXGroup;
			children = (
				529CB2101AA2CFC10069C551 /* NotificationControllerTests.swift */,
				529CB20E1AA2CFC10069C551 /* Supporting Files */,
			);
			path = NotificationControllerTests;
			sourceTree = "<group>";
		};
		529CB20E1AA2CFC10069C551 /* Supporting Files */ = {
			isa = PBXGroup;
			children = (
				529CB20F1AA2CFC10069C551 /* Info.plist */,
			);
			name = "Supporting Files";
			sourceTree = "<group>";
		};
/* End PBXGroup section */

/* Begin PBXNativeTarget section */
		529CB1F41AA2CFC10069C551 /* NotificationController */ = {
			isa = PBXNativeTarget;
			buildConfigurationList = 529CB2141AA2CFC10069C551 /* Build configuration list for PBXNativeTarget "NotificationController" */;
			buildPhases = (
				529CB1F11AA2CFC10069C551 /* Sources */,
				529CB1F21AA2CFC10069C551 /* Frameworks */,
				529CB1F31AA2CFC10069C551 /* Resources */,
			);
			buildRules = (
			);
			dependencies = (
			);
			name = NotificationController;
			productName = NotificationController;
			productReference = 529CB1F51AA2CFC10069C551 /* NotificationController.app */;
			productType = "com.apple.product-type.application";
		};
		529CB2091AA2CFC10069C551 /* NotificationControllerTests */ = {
			isa = PBXNativeTarget;
			buildConfigurationList = 529CB2171AA2CFC10069C551 /* Build configuration list for PBXNativeTarget "NotificationControllerTests" */;
			buildPhases = (
				529CB2061AA2CFC10069C551 /* Sources */,
				529CB2071AA2CFC10069C551 /* Frameworks */,
				529CB2081AA2CFC10069C551 /* Resources */,
			);
			buildRules = (
			);
			dependencies = (
				529CB20C1AA2CFC10069C551 /* PBXTargetDependency */,
			);
			name = NotificationControllerTests;
			productName = NotificationControllerTests;
			productReference = 529CB20A1AA2CFC10069C551 /* NotificationControllerTests.xctest */;
			productType = "com.apple.product-type.bundle.unit-test";
		};
/* End PBXNativeTarget section */

/* Begin PBXProject section */
		529CB1ED1AA2CFC10069C551 /* Project object */ = {
			isa = PBXProject;
			attributes = {
				LastUpgradeCheck = 0630;
				ORGANIZATIONNAME = kukushi;
				TargetAttributes = {
					529CB1F41AA2CFC10069C551 = {
						CreatedOnToolsVersion = 6.3;
					};
					529CB2091AA2CFC10069C551 = {
						CreatedOnToolsVersion = 6.3;
						TestTargetID = 529CB1F41AA2CFC10069C551;
					};
				};
			};
			buildConfigurationList = 529CB1F01AA2CFC10069C551 /* Build configuration list for PBXProject "NotificationController" */;
			compatibilityVersion = "Xcode 3.2";
			developmentRegion = English;
			hasScannedForEncodings = 0;
			knownRegions = (
				en,
				Base,
			);
			mainGroup = 529CB1EC1AA2CFC10069C551;
			productRefGroup = 529CB1F61AA2CFC10069C551 /* Products */;
			projectDirPath = "";
			projectRoot = "";
			targets = (
				529CB1F41AA2CFC10069C551 /* NotificationController */,
				529CB2091AA2CFC10069C551 /* NotificationControllerTests */,
			);
		};
/* End PBXProject section */

/* Begin PBXResourcesBuildPhase section */
		529CB1F31AA2CFC10069C551 /* Resources */ = {
			isa = PBXResourcesBuildPhase;
			buildActionMask = 2147483647;
			files = (
				529CB2001AA2CFC10069C551 /* Main.storyboard in Resources */,
				529CB2051AA2CFC10069C551 /* LaunchScreen.xib in Resources */,
				529CB2021AA2CFC10069C551 /* Images.xcassets in Resources */,
			);
			runOnlyForDeploymentPostprocessing = 0;
		};
		529CB2081AA2CFC10069C551 /* Resources */ = {
			isa = PBXResourcesBuildPhase;
			buildActionMask = 2147483647;
			files = (
			);
			runOnlyForDeploymentPostprocessing = 0;
		};
/* End PBXResourcesBuildPhase section */

/* Begin PBXSourcesBuildPhase section */
		529CB1F11AA2CFC10069C551 /* Sources */ = {
			isa = PBXSourcesBuildPhase;
			buildActionMask = 2147483647;
			files = (
				529CB1FD1AA2CFC10069C551 /* ViewController.swift in Sources */,
				529CB1FB1AA2CFC10069C551 /* AppDelegate.swift in Sources */,
			);
			runOnlyForDeploymentPostprocessing = 0;
		};
		529CB2061AA2CFC10069C551 /* Sources */ = {
			isa = PBXSourcesBuildPhase;
			buildActionMask = 2147483647;
			files = (
				529CB2111AA2CFC10069C551 /* NotificationControllerTests.swift in Sources */,
			);
			runOnlyForDeploymentPostprocessing = 0;
		};
/* End PBXSourcesBuildPhase section */

/* Begin PBXTargetDependency section */
		529CB20C1AA2CFC10069C551 /* PBXTargetDependency */ = {
			isa = PBXTargetDependency;
			target = 529CB1F41AA2CFC10069C551 /* NotificationController */;
			targetProxy = 529CB20B1AA2CFC10069C551 /* PBXContainerItemProxy */;
		};
/* End PBXTargetDependency section */

/* Begin PBXVariantGroup section */
		529CB1FE1AA2CFC10069C551 /* Main.storyboard */ = {
			isa = PBXVariantGroup;
			children = (
				529CB1FF1AA2CFC10069C551 /* Base */,
			);
			name = Main.storyboard;
			sourceTree = "<group>";
		};
		529CB2031AA2CFC10069C551 /* LaunchScreen.xib */ = {
			isa = PBXVariantGroup;
			children = (
				529CB2041AA2CFC10069C551 /* Base */,
			);
			name = LaunchScreen.xib;
			sourceTree = "<group>";
		};
/* End PBXVariantGroup section */

/* Begin XCBuildConfiguration section */
		529CB2121AA2CFC10069C551 /* Debug */ = {
			isa = XCBuildConfiguration;
			buildSettings = {
				ALWAYS_SEARCH_USER_PATHS = NO;
				CLANG_CXX_LANGUAGE_STANDARD = "gnu++0x";
				CLANG_CXX_LIBRARY = "libc++";
				CLANG_ENABLE_MODULES = YES;
				CLANG_ENABLE_OBJC_ARC = YES;
				CLANG_WARN_BOOL_CONVERSION = YES;
				CLANG_WARN_CONSTANT_CONVERSION = YES;
				CLANG_WARN_DIRECT_OBJC_ISA_USAGE = YES_ERROR;
				CLANG_WARN_EMPTY_BODY = YES;
				CLANG_WARN_ENUM_CONVERSION = YES;
				CLANG_WARN_INT_CONVERSION = YES;
				CLANG_WARN_OBJC_ROOT_CLASS = YES_ERROR;
				CLANG_WARN_UNREACHABLE_CODE = YES;
				CLANG_WARN__DUPLICATE_METHOD_MATCH = YES;
				"CODE_SIGN_IDENTITY[sdk=iphoneos*]" = "iPhone Developer";
				COPY_PHASE_STRIP = NO;
				DEBUG_INFORMATION_FORMAT = dwarf;
				ENABLE_STRICT_OBJC_MSGSEND = YES;
				GCC_C_LANGUAGE_STANDARD = gnu99;
				GCC_DYNAMIC_NO_PIC = NO;
				GCC_OPTIMIZATION_LEVEL = 0;
				GCC_PREPROCESSOR_DEFINITIONS = (
					"DEBUG=1",
					"$(inherited)",
				);
				GCC_SYMBOLS_PRIVATE_EXTERN = NO;
				GCC_WARN_64_TO_32_BIT_CONVERSION = YES;
				GCC_WARN_ABOUT_RETURN_TYPE = YES_ERROR;
				GCC_WARN_UNDECLARED_SELECTOR = YES;
				GCC_WARN_UNINITIALIZED_AUTOS = YES_AGGRESSIVE;
				GCC_WARN_UNUSED_FUNCTION = YES;
				GCC_WARN_UNUSED_VARIABLE = YES;
				IPHONEOS_DEPLOYMENT_TARGET = 8.3;
				MTL_ENABLE_DEBUG_INFO = YES;
				ONLY_ACTIVE_ARCH = YES;
				SDKROOT = iphoneos;
				SWIFT_OPTIMIZATION_LEVEL = "-Onone";
			};
			name = Debug;
		};
		529CB2131AA2CFC10069C551 /* Release */ = {
			isa = XCBuildConfiguration;
			buildSettings = {
				ALWAYS_SEARCH_USER_PATHS = NO;
				CLANG_CXX_LANGUAGE_STANDARD = "gnu++0x";
				CLANG_CXX_LIBRARY = "libc++";
				CLANG_ENABLE_MODULES = YES;
				CLANG_ENABLE_OBJC_ARC = YES;
				CLANG_WARN_BOOL_CONVERSION = YES;
				CLANG_WARN_CONSTANT_CONVERSION = YES;
				CLANG_WARN_DIRECT_OBJC_ISA_USAGE = YES_ERROR;
				CLANG_WARN_EMPTY_BODY = YES;
				CLANG_WARN_ENUM_CONVERSION = YES;
				CLANG_WARN_INT_CONVERSION = YES;
				CLANG_WARN_OBJC_ROOT_CLASS = YES_ERROR;
				CLANG_WARN_UNREACHABLE_CODE = YES;
				CLANG_WARN__DUPLICATE_METHOD_MATCH = YES;
				"CODE_SIGN_IDENTITY[sdk=iphoneos*]" = "iPhone Developer";
				COPY_PHASE_STRIP = NO;
				DEBUG_INFORMATION_FORMAT = "dwarf-with-dsym";
				ENABLE_NS_ASSERTIONS = NO;
				ENABLE_STRICT_OBJC_MSGSEND = YES;
				GCC_C_LANGUAGE_STANDARD = gnu99;
				GCC_WARN_64_TO_32_BIT_CONVERSION = YES;
				GCC_WARN_ABOUT_RETURN_TYPE = YES_ERROR;
				GCC_WARN_UNDECLARED_SELECTOR = YES;
				GCC_WARN_UNINITIALIZED_AUTOS = YES_AGGRESSIVE;
				GCC_WARN_UNUSED_FUNCTION = YES;
				GCC_WARN_UNUSED_VARIABLE = YES;
				IPHONEOS_DEPLOYMENT_TARGET = 8.3;
				MTL_ENABLE_DEBUG_INFO = NO;
				SDKROOT = iphoneos;
				VALIDATE_PRODUCT = YES;
			};
			name = Release;
		};
		529CB2151AA2CFC10069C551 /* Debug */ = {
			isa = XCBuildConfiguration;
			buildSettings = {
				ASSETCATALOG_COMPILER_APPICON_NAME = AppIcon;
				INFOPLIST_FILE = NotificationController/Info.plist;
				LD_RUNPATH_SEARCH_PATHS = "$(inherited) @executable_path/Frameworks";
				PRODUCT_NAME = "$(TARGET_NAME)";
			};
			name = Debug;
		};
		529CB2161AA2CFC10069C551 /* Release */ = {
			isa = XCBuildConfiguration;
			buildSettings = {
				ASSETCATALOG_COMPILER_APPICON_NAME = AppIcon;
				INFOPLIST_FILE = NotificationController/Info.plist;
				LD_RUNPATH_SEARCH_PATHS = "$(inherited) @executable_path/Frameworks";
				PRODUCT_NAME = "$(TARGET_NAME)";
			};
			name = Release;
		};
		529CB2181AA2CFC10069C551 /* Debug */ = {
			isa = XCBuildConfiguration;
			buildSettings = {
				BUNDLE_LOADER = "$(TEST_HOST)";
				FRAMEWORK_SEARCH_PATHS = (
					"$(SDKROOT)/Developer/Library/Frameworks",
					"$(inherited)",
				);
				GCC_PREPROCESSOR_DEFINITIONS = (
					"DEBUG=1",
					"$(inherited)",
				);
				INFOPLIST_FILE = NotificationControllerTests/Info.plist;
				LD_RUNPATH_SEARCH_PATHS = "$(inherited) @executable_path/Frameworks @loader_path/Frameworks";
				PRODUCT_NAME = "$(TARGET_NAME)";
				TEST_HOST = "$(BUILT_PRODUCTS_DIR)/NotificationController.app/NotificationController";
			};
			name = Debug;
		};
		529CB2191AA2CFC10069C551 /* Release */ = {
			isa = XCBuildConfiguration;
			buildSettings = {
				BUNDLE_LOADER = "$(TEST_HOST)";
				FRAMEWORK_SEARCH_PATHS = (
					"$(SDKROOT)/Developer/Library/Frameworks",
					"$(inherited)",
				);
				INFOPLIST_FILE = NotificationControllerTests/Info.plist;
				LD_RUNPATH_SEARCH_PATHS = "$(inherited) @executable_path/Frameworks @loader_path/Frameworks";
				PRODUCT_NAME = "$(TARGET_NAME)";
				TEST_HOST = "$(BUILT_PRODUCTS_DIR)/NotificationController.app/NotificationController";
			};
			name = Release;
		};
/* End XCBuildConfiguration section */

/* Begin XCConfigurationList section */
		529CB1F01AA2CFC10069C551 /* Build configuration list for PBXProject "NotificationController" */ = {
			isa = XCConfigurationList;
			buildConfigurations = (
				529CB2121AA2CFC10069C551 /* Debug */,
				529CB2131AA2CFC10069C551 /* Release */,
			);
			defaultConfigurationIsVisible = 0;
			defaultConfigurationName = Release;
		};
		529CB2141AA2CFC10069C551 /* Build configuration list for PBXNativeTarget "NotificationController" */ = {
			isa = XCConfigurationList;
			buildConfigurations = (
				529CB2151AA2CFC10069C551 /* Debug */,
				529CB2161AA2CFC10069C551 /* Release */,
			);
			defaultConfigurationIsVisible = 0;
		};
		529CB2171AA2CFC10069C551 /* Build configuration list for PBXNativeTarget "NotificationControllerTests" */ = {
			isa = XCConfigurationList;
			buildConfigurations = (
				529CB2181AA2CFC10069C551 /* Debug */,
				529CB2191AA2CFC10069C551 /* Release */,
			);
			defaultConfigurationIsVisible = 0;
		};
/* End XCConfigurationList section */
	};
	rootObject = 529CB1ED1AA2CFC10069C551 /* Project object */;
}
